<Solution>
  <Folder Name="/Solution/">
    <File Path=".editorconfig" />
    <File Path=".gitattributes" />
    <File Path=".gitignore" />
    <File Path="LICENSE" />
    <File Path="LICENSE-EXCEPTION" />
    <File Path="LICENSE-MIT" />
    <File Path="README.md" />
  </Folder>
  <Folder Name="/Scripts/">
    <File Path="Scripts/CRLF2LF.py" />
    <File Path="Scripts/Sync-SharedDotFiles.ps1" />
    <File Path="Scripts/Update-PublishConfig.ps1" />
    <File Path="Scripts/add_gpl_headers.py" />
    <File Path="Scripts/check_all_locales.py" />
    <File Path="Scripts/check_lang_json.py" />
    <File Path="Scripts/check_locales.py" />
  </Folder>
  <Project Path="Code/TaxiTraffic.csproj" />
</Solution>
